
Microsoft Visual Studio Solution File, Format Version 12.00
# Visual Studio Version 17
VisualStudioVersion = 17.7.34031.279
MinimumVisualStudioVersion = 10.0.40219.1
Project("{8BC9CEB8-8B4A-11D0-8D11-00A0C91BC942}") = "HW 5.10", "HW 5.10.vcxproj", "{3469714A-AFB0-4F96-81E8-ABE235708330}"
EndProject
Global
	GlobalSection(SolutionConfigurationPlatforms) = preSolution
		Debug|x64 = Debug|x64
		Debug|x86 = Debug|x86
		Release|x64 = Release|x64
		Release|x86 = Release|x86
	EndGlobalSection
	GlobalSection(ProjectConfigurationPlatforms) = postSolution
		{3469714A-AFB0-4F96-81E8-ABE235708330}.Debug|x64.ActiveCfg = Debug|x64
		{3469714A-AFB0-4F96-81E8-ABE235708330}.Debug|x64.Build.0 = Debug|x64
		{3469714A-AFB0-4F96-81E8-ABE235708330}.Debug|x86.ActiveCfg = Debug|Win32
		{3469714A-AFB0-4F96-81E8-ABE235708330}.Debug|x86.Build.0 = Debug|Win32
		{3469714A-AFB0-4F96-81E8-ABE235708330}.Release|x64.ActiveCfg = Release|x64
		{3469714A-AFB0-4F96-81E8-ABE235708330}.Release|x64.Build.0 = Release|x64
		{3469714A-AFB0-4F96-81E8-ABE235708330}.Release|x86.ActiveCfg = Release|Win32
		{3469714A-AFB0-4F96-81E8-ABE235708330}.Release|x86.Build.0 = Release|Win32
	EndGlobalSection
	GlobalSection(SolutionProperties) = preSolution
		HideSolutionNode = FALSE
	EndGlobalSection
	GlobalSection(ExtensibilityGlobals) = postSolution
		SolutionGuid = {48B4EB74-C5B8-4B96-B125-C726B87BFC8F}
	EndGlobalSection
EndGlobal
